PODS:
  - Alamofire (4.9.0)
  - RxBlocking (5.0.0):
    - RxSwift (~> 5)
  - RxSwift (5.0.0)
  - RxTest (5.0.0):
    - RxSwift (~> 5)
  - Sourcery (2.0.1):
    - Sourcery/CLI-Only (= 2.0.1)
  - Sourcery/CLI-Only (2.0.1)

DEPENDENCIES:
  - Alamofire (~> 4.0)
  - RxBlocking
  - RxSwift
  - RxTest
  - Sourcery (~> 2.0)

SPEC REPOS:
  https://github.com/CocoaPods/Specs.git:
    - Alamofire
    - RxBlocking
    - RxSwift
    - RxTest
    - Sourcery

SPEC CHECKSUMS:
  Alamofire: afc3e7c6db61476cb45cdd23fed06bad03bbc321
  RxBlocking: c67185d26498ea3cbe3e121917c3c16739e43123
  RxSwift: 8b0671caa829a763bbce7271095859121cbd895f
  RxTest: 4349afe98f564e0a9bc19063368904622d17d49a
  Sourcery: c873ccac00b051aa0bf2236f86cc3678e403ff27

PODFILE CHECKSUM: 6ccef2b664f76b7560dc8146f8cec0269da6657c

COCOAPODS: 1.11.3
