PODS:
  - Alamofire (4.9.1)
  - RxBlocking (6.6.0):
    - RxSwift (= 6.6.0)
  - RxSwift (6.6.0)
  - RxTest (6.6.0):
    - RxSwift (= 6.6.0)
  - Sourcery (2.1.2):
    - Sourcery/CLI-Only (= 2.1.2)
  - Sourcery/CLI-Only (2.1.2)

DEPENDENCIES:
  - Alamofire (~> 4.0)
  - RxBlocking
  - RxSwift
  - RxTest
  - Sourcery (from `https://github.com/krzysztofzablocki/Sourcery`, tag `2.1.2`)

SPEC REPOS:
  trunk:
    - Alamofire
    - RxBlocking
    - RxSwift
    - RxTest

EXTERNAL SOURCES:
  Sourcery:
    :git: https://github.com/krzysztofzablocki/Sourcery
    :tag: 2.1.2

CHECKOUT OPTIONS:
  Sourcery:
    :git: https://github.com/krzysztofzablocki/Sourcery
    :tag: 2.1.2

SPEC CHECKSUMS:
  Alamofire: 85e8a02c69d6020a0d734f6054870d7ecb75cf18
  RxBlocking: fbd1f8501443024f686e556f36dac79b0d5f4d7c
  RxSwift: a4b44f7d24599f674deebd1818eab82e58410632
  RxTest: a23f26bb53a5e146a0a69db4f0fa0b69001ce7f4
  Sourcery: 9781f42e4e309d6693bee583d429b03967e12ed7

PODFILE CHECKSUM: 15acf4ef5990da217348d45880091e730bac9bf8

COCOAPODS: 1.14.2
