// !$*UTF8*$!
{
	archiveVersion = 1;
	classes = {
	};
	objectVersion = 50;
	objects = {

/* Begin PBXBuildFile section */
		1415F10220FF583700CBE106 /* AppDelegate.swift in Sources */ = {isa = PBXBuildFile; fileRef = 1415F10120FF583700CBE106 /* AppDelegate.swift */; };
		1415F10420FF583800CBE106 /* Assets.xcassets in Resources */ = {isa = PBXBuildFile; fileRef = 1415F10320FF583800CBE106 /* Assets.xcassets */; };
		1415F10720FF583800CBE106 /* MainMenu.xib in Resources */ = {isa = PBXBuildFile; fileRef = 1415F10520FF583800CBE106 /* MainMenu.xib */; };
		1415F11320FF583800CBE106 /* SwiftSourceryTemplatesTests.swift in Sources */ = {isa = PBXBuildFile; fileRef = 1415F11220FF583800CBE106 /* SwiftSourceryTemplatesTests.swift */; };
		1415F11F20FF5AF400CBE106 /* TypeErase.generated.swift in Sources */ = {isa = PBXBuildFile; fileRef = 1415F11E20FF5AF400CBE106 /* TypeErase.generated.swift */; };
		1415F12220FF5AFB00CBE106 /* Mocks.generated.swift in Sources */ = {isa = PBXBuildFile; fileRef = 1415F12120FF5AFB00CBE106 /* Mocks.generated.swift */; };
		A3D0FA61B99D54EF2239F9E7 /* Pods_SwiftSourceryTemplates.framework in Frameworks */ = {isa = PBXBuildFile; fileRef = 1E5046829ACFBDBE51FCC68D /* Pods_SwiftSourceryTemplates.framework */; };
		A51399099FC204276D34F886 /* Pods_SwiftSourceryTemplatesTests.framework in Frameworks */ = {isa = PBXBuildFile; fileRef = E91253CD4368FBF69C7FFC00 /* Pods_SwiftSourceryTemplatesTests.framework */; };
/* End PBXBuildFile section */

/* Begin PBXContainerItemProxy section */
		1415F10F20FF583800CBE106 /* PBXContainerItemProxy */ = {
			isa = PBXContainerItemProxy;
			containerPortal = 1415F0F620FF583700CBE106 /* Project object */;
			proxyType = 1;
			remoteGlobalIDString = 1415F0FD20FF583700CBE106;
			remoteInfo = SwiftSourceryTemplates;
		};
/* End PBXContainerItemProxy section */

/* Begin PBXFileReference section */
		1415F0FE20FF583700CBE106 /* SwiftSourceryTemplates.app */ = {isa = PBXFileReference; explicitFileType = wrapper.application; includeInIndex = 0; path = SwiftSourceryTemplates.app; sourceTree = BUILT_PRODUCTS_DIR; };
		1415F10120FF583700CBE106 /* AppDelegate.swift */ = {isa = PBXFileReference; lastKnownFileType = sourcecode.swift; path = AppDelegate.swift; sourceTree = "<group>"; };
		1415F10320FF583800CBE106 /* Assets.xcassets */ = {isa = PBXFileReference; lastKnownFileType = folder.assetcatalog; path = Assets.xcassets; sourceTree = "<group>"; };
		1415F10620FF583800CBE106 /* Base */ = {isa = PBXFileReference; lastKnownFileType = file.xib; name = Base; path = Base.lproj/MainMenu.xib; sourceTree = "<group>"; };
		1415F10820FF583800CBE106 /* Info.plist */ = {isa = PBXFileReference; lastKnownFileType = text.plist.xml; path = Info.plist; sourceTree = "<group>"; };
		1415F10920FF583800CBE106 /* SwiftSourceryTemplates.entitlements */ = {isa = PBXFileReference; lastKnownFileType = text.plist.entitlements; path = SwiftSourceryTemplates.entitlements; sourceTree = "<group>"; };
		1415F10E20FF583800CBE106 /* SwiftSourceryTemplatesTests.xctest */ = {isa = PBXFileReference; explicitFileType = wrapper.cfbundle; includeInIndex = 0; path = SwiftSourceryTemplatesTests.xctest; sourceTree = BUILT_PRODUCTS_DIR; };
		1415F11220FF583800CBE106 /* SwiftSourceryTemplatesTests.swift */ = {isa = PBXFileReference; lastKnownFileType = sourcecode.swift; path = SwiftSourceryTemplatesTests.swift; sourceTree = "<group>"; };
		1415F11420FF583800CBE106 /* Info.plist */ = {isa = PBXFileReference; lastKnownFileType = text.plist.xml; path = Info.plist; sourceTree = "<group>"; };
		1415F11E20FF5AF400CBE106 /* TypeErase.generated.swift */ = {isa = PBXFileReference; fileEncoding = 4; lastKnownFileType = sourcecode.swift; path = TypeErase.generated.swift; sourceTree = "<group>"; };
		1415F12120FF5AFB00CBE106 /* Mocks.generated.swift */ = {isa = PBXFileReference; fileEncoding = 4; lastKnownFileType = sourcecode.swift; path = Mocks.generated.swift; sourceTree = "<group>"; };
		1E5046829ACFBDBE51FCC68D /* Pods_SwiftSourceryTemplates.framework */ = {isa = PBXFileReference; explicitFileType = wrapper.framework; includeInIndex = 0; path = Pods_SwiftSourceryTemplates.framework; sourceTree = BUILT_PRODUCTS_DIR; };
		26A5D53F86280C8D6399AFAB /* Pods-SwiftSourceryTemplates.release.xcconfig */ = {isa = PBXFileReference; includeInIndex = 1; lastKnownFileType = text.xcconfig; name = "Pods-SwiftSourceryTemplates.release.xcconfig"; path = "../Pods/Target Support Files/Pods-SwiftSourceryTemplates/Pods-SwiftSourceryTemplates.release.xcconfig"; sourceTree = "<group>"; };
		62BCC70E6F64ED26E8F1AFAD /* Pods-SwiftSourceryTemplatesTests.release.xcconfig */ = {isa = PBXFileReference; includeInIndex = 1; lastKnownFileType = text.xcconfig; name = "Pods-SwiftSourceryTemplatesTests.release.xcconfig"; path = "../Pods/Target Support Files/Pods-SwiftSourceryTemplatesTests/Pods-SwiftSourceryTemplatesTests.release.xcconfig"; sourceTree = "<group>"; };
		90AA27DA09BD2D0CA17E26F1 /* Pods-SwiftSourceryTemplatesTests.debug.xcconfig */ = {isa = PBXFileReference; includeInIndex = 1; lastKnownFileType = text.xcconfig; name = "Pods-SwiftSourceryTemplatesTests.debug.xcconfig"; path = "../Pods/Target Support Files/Pods-SwiftSourceryTemplatesTests/Pods-SwiftSourceryTemplatesTests.debug.xcconfig"; sourceTree = "<group>"; };
		B01DD88ED4CE6A3558671FD7 /* Pods-SwiftSourceryTemplates.debug.xcconfig */ = {isa = PBXFileReference; includeInIndex = 1; lastKnownFileType = text.xcconfig; name = "Pods-SwiftSourceryTemplates.debug.xcconfig"; path = "../Pods/Target Support Files/Pods-SwiftSourceryTemplates/Pods-SwiftSourceryTemplates.debug.xcconfig"; sourceTree = "<group>"; };
		E91253CD4368FBF69C7FFC00 /* Pods_SwiftSourceryTemplatesTests.framework */ = {isa = PBXFileReference; explicitFileType = wrapper.framework; includeInIndex = 0; path = Pods_SwiftSourceryTemplatesTests.framework; sourceTree = BUILT_PRODUCTS_DIR; };
/* End PBXFileReference section */

/* Begin PBXFrameworksBuildPhase section */
		1415F0FB20FF583700CBE106 /* Frameworks */ = {
			isa = PBXFrameworksBuildPhase;
			buildActionMask = 2147483647;
			files = (
				A3D0FA61B99D54EF2239F9E7 /* Pods_SwiftSourceryTemplates.framework in Frameworks */,
			);
			runOnlyForDeploymentPostprocessing = 0;
		};
		1415F10B20FF583800CBE106 /* Frameworks */ = {
			isa = PBXFrameworksBuildPhase;
			buildActionMask = 2147483647;
			files = (
				A51399099FC204276D34F886 /* Pods_SwiftSourceryTemplatesTests.framework in Frameworks */,
			);
			runOnlyForDeploymentPostprocessing = 0;
		};
/* End PBXFrameworksBuildPhase section */

/* Begin PBXGroup section */
		1415F0F520FF583700CBE106 = {
			isa = PBXGroup;
			children = (
				1415F10020FF583700CBE106 /* SwiftSourceryTemplates */,
				1415F11120FF583800CBE106 /* SwiftSourceryTemplatesTests */,
				1415F0FF20FF583700CBE106 /* Products */,
				45EB43FE9FD178FF8E3A4B23 /* Pods */,
				407E93FED513C2A668882DD9 /* Frameworks */,
			);
			sourceTree = "<group>";
		};
		1415F0FF20FF583700CBE106 /* Products */ = {
			isa = PBXGroup;
			children = (
				1415F0FE20FF583700CBE106 /* SwiftSourceryTemplates.app */,
				1415F10E20FF583800CBE106 /* SwiftSourceryTemplatesTests.xctest */,
			);
			name = Products;
			sourceTree = "<group>";
		};
		1415F10020FF583700CBE106 /* SwiftSourceryTemplates */ = {
			isa = PBXGroup;
			children = (
				1415F11D20FF5AF400CBE106 /* Generated */,
				1415F10120FF583700CBE106 /* AppDelegate.swift */,
				1415F10320FF583800CBE106 /* Assets.xcassets */,
				1415F10520FF583800CBE106 /* MainMenu.xib */,
				1415F10820FF583800CBE106 /* Info.plist */,
				1415F10920FF583800CBE106 /* SwiftSourceryTemplates.entitlements */,
			);
			path = SwiftSourceryTemplates;
			sourceTree = "<group>";
		};
		1415F11120FF583800CBE106 /* SwiftSourceryTemplatesTests */ = {
			isa = PBXGroup;
			children = (
				1415F12020FF5AFB00CBE106 /* Mocks */,
				1415F11220FF583800CBE106 /* SwiftSourceryTemplatesTests.swift */,
				1415F11420FF583800CBE106 /* Info.plist */,
			);
			path = SwiftSourceryTemplatesTests;
			sourceTree = "<group>";
		};
		1415F11D20FF5AF400CBE106 /* Generated */ = {
			isa = PBXGroup;
			children = (
				1415F11E20FF5AF400CBE106 /* TypeErase.generated.swift */,
			);
			path = Generated;
			sourceTree = "<group>";
		};
		1415F12020FF5AFB00CBE106 /* Mocks */ = {
			isa = PBXGroup;
			children = (
				1415F12120FF5AFB00CBE106 /* Mocks.generated.swift */,
			);
			path = Mocks;
			sourceTree = "<group>";
		};
		407E93FED513C2A668882DD9 /* Frameworks */ = {
			isa = PBXGroup;
			children = (
				1E5046829ACFBDBE51FCC68D /* Pods_SwiftSourceryTemplates.framework */,
				E91253CD4368FBF69C7FFC00 /* Pods_SwiftSourceryTemplatesTests.framework */,
			);
			name = Frameworks;
			sourceTree = "<group>";
		};
		45EB43FE9FD178FF8E3A4B23 /* Pods */ = {
			isa = PBXGroup;
			children = (
				B01DD88ED4CE6A3558671FD7 /* Pods-SwiftSourceryTemplates.debug.xcconfig */,
				26A5D53F86280C8D6399AFAB /* Pods-SwiftSourceryTemplates.release.xcconfig */,
				90AA27DA09BD2D0CA17E26F1 /* Pods-SwiftSourceryTemplatesTests.debug.xcconfig */,
				62BCC70E6F64ED26E8F1AFAD /* Pods-SwiftSourceryTemplatesTests.release.xcconfig */,
			);
			name = Pods;
			sourceTree = "<group>";
		};
/* End PBXGroup section */

/* Begin PBXNativeTarget section */
		1415F0FD20FF583700CBE106 /* SwiftSourceryTemplates */ = {
			isa = PBXNativeTarget;
			buildConfigurationList = 1415F11720FF583800CBE106 /* Build configuration list for PBXNativeTarget "SwiftSourceryTemplates" */;
			buildPhases = (
				B7101ABADB70F626E71B10AB /* [CP] Check Pods Manifest.lock */,
				1415F0FA20FF583700CBE106 /* Sources */,
				1415F0FB20FF583700CBE106 /* Frameworks */,
				1415F0FC20FF583700CBE106 /* Resources */,
				5456F0F9C63A052288CF7334 /* [CP] Embed Pods Frameworks */,
			);
			buildRules = (
			);
			dependencies = (
			);
			name = SwiftSourceryTemplates;
			productName = SwiftSourceryTemplates;
			productReference = 1415F0FE20FF583700CBE106 /* SwiftSourceryTemplates.app */;
			productType = "com.apple.product-type.application";
		};
		1415F10D20FF583800CBE106 /* SwiftSourceryTemplatesTests */ = {
			isa = PBXNativeTarget;
			buildConfigurationList = 1415F11A20FF583800CBE106 /* Build configuration list for PBXNativeTarget "SwiftSourceryTemplatesTests" */;
			buildPhases = (
				8ECDDDC3BBE038601E2CF7DF /* [CP] Check Pods Manifest.lock */,
				1415F10A20FF583800CBE106 /* Sources */,
				1415F10B20FF583800CBE106 /* Frameworks */,
				1415F10C20FF583800CBE106 /* Resources */,
				5F818F4541ED8BA185970C8C /* [CP] Embed Pods Frameworks */,
			);
			buildRules = (
			);
			dependencies = (
				1415F11020FF583800CBE106 /* PBXTargetDependency */,
			);
			name = SwiftSourceryTemplatesTests;
			productName = SwiftSourceryTemplatesTests;
			productReference = 1415F10E20FF583800CBE106 /* SwiftSourceryTemplatesTests.xctest */;
			productType = "com.apple.product-type.bundle.unit-test";
		};
/* End PBXNativeTarget section */

/* Begin PBXProject section */
		1415F0F620FF583700CBE106 /* Project object */ = {
			isa = PBXProject;
			attributes = {
				LastSwiftUpdateCheck = 0940;
				LastUpgradeCheck = 0940;
				ORGANIZATIONNAME = "AlbumPrinter BV";
				TargetAttributes = {
					1415F0FD20FF583700CBE106 = {
						CreatedOnToolsVersion = 9.4.1;
					};
					1415F10D20FF583800CBE106 = {
						CreatedOnToolsVersion = 9.4.1;
						TestTargetID = 1415F0FD20FF583700CBE106;
					};
				};
			};
			buildConfigurationList = 1415F0F920FF583700CBE106 /* Build configuration list for PBXProject "SwiftSourceryTemplates" */;
			compatibilityVersion = "Xcode 9.3";
			developmentRegion = en;
			hasScannedForEncodings = 0;
			knownRegions = (
				en,
				Base,
			);
			mainGroup = 1415F0F520FF583700CBE106;
			productRefGroup = 1415F0FF20FF583700CBE106 /* Products */;
			projectDirPath = "";
			projectRoot = "";
			targets = (
				1415F0FD20FF583700CBE106 /* SwiftSourceryTemplates */,
				1415F10D20FF583800CBE106 /* SwiftSourceryTemplatesTests */,
			);
		};
/* End PBXProject section */

/* Begin PBXResourcesBuildPhase section */
		1415F0FC20FF583700CBE106 /* Resources */ = {
			isa = PBXResourcesBuildPhase;
			buildActionMask = 2147483647;
			files = (
				1415F10420FF583800CBE106 /* Assets.xcassets in Resources */,
				1415F10720FF583800CBE106 /* MainMenu.xib in Resources */,
			);
			runOnlyForDeploymentPostprocessing = 0;
		};
		1415F10C20FF583800CBE106 /* Resources */ = {
			isa = PBXResourcesBuildPhase;
			buildActionMask = 2147483647;
			files = (
			);
			runOnlyForDeploymentPostprocessing = 0;
		};
/* End PBXResourcesBuildPhase section */

/* Begin PBXShellScriptBuildPhase section */
		5456F0F9C63A052288CF7334 /* [CP] Embed Pods Frameworks */ = {
			isa = PBXShellScriptBuildPhase;
			buildActionMask = 2147483647;
			files = (
			);
			inputPaths = (
				"${SRCROOT}/../Pods/Target Support Files/Pods-SwiftSourceryTemplates/Pods-SwiftSourceryTemplates-frameworks.sh",
				"${BUILT_PRODUCTS_DIR}/RxSwift/RxSwift.framework",
			);
			name = "[CP] Embed Pods Frameworks";
			outputPaths = (
				"${TARGET_BUILD_DIR}/${FRAMEWORKS_FOLDER_PATH}/RxSwift.framework",
			);
			runOnlyForDeploymentPostprocessing = 0;
			shellPath = /bin/sh;
			shellScript = "\"${SRCROOT}/../Pods/Target Support Files/Pods-SwiftSourceryTemplates/Pods-SwiftSourceryTemplates-frameworks.sh\"\n";
			showEnvVarsInLog = 0;
		};
		5F818F4541ED8BA185970C8C /* [CP] Embed Pods Frameworks */ = {
			isa = PBXShellScriptBuildPhase;
			buildActionMask = 2147483647;
			files = (
			);
			inputPaths = (
				"${SRCROOT}/../Pods/Target Support Files/Pods-SwiftSourceryTemplatesTests/Pods-SwiftSourceryTemplatesTests-frameworks.sh",
				"${BUILT_PRODUCTS_DIR}/RxSwift/RxSwift.framework",
				"${BUILT_PRODUCTS_DIR}/RxBlocking/RxBlocking.framework",
				"${BUILT_PRODUCTS_DIR}/RxTest/RxTest.framework",
			);
			name = "[CP] Embed Pods Frameworks";
			outputPaths = (
				"${TARGET_BUILD_DIR}/${FRAMEWORKS_FOLDER_PATH}/RxSwift.framework",
				"${TARGET_BUILD_DIR}/${FRAMEWORKS_FOLDER_PATH}/RxBlocking.framework",
				"${TARGET_BUILD_DIR}/${FRAMEWORKS_FOLDER_PATH}/RxTest.framework",
			);
			runOnlyForDeploymentPostprocessing = 0;
			shellPath = /bin/sh;
			shellScript = "\"${SRCROOT}/../Pods/Target Support Files/Pods-SwiftSourceryTemplatesTests/Pods-SwiftSourceryTemplatesTests-frameworks.sh\"\n";
			showEnvVarsInLog = 0;
		};
		8ECDDDC3BBE038601E2CF7DF /* [CP] Check Pods Manifest.lock */ = {
			isa = PBXShellScriptBuildPhase;
			buildActionMask = 2147483647;
			files = (
			);
			inputPaths = (
				"${PODS_PODFILE_DIR_PATH}/Podfile.lock",
				"${PODS_ROOT}/Manifest.lock",
			);
			name = "[CP] Check Pods Manifest.lock";
			outputPaths = (
				"$(DERIVED_FILE_DIR)/Pods-SwiftSourceryTemplatesTests-checkManifestLockResult.txt",
			);
			runOnlyForDeploymentPostprocessing = 0;
			shellPath = /bin/sh;
			shellScript = "diff \"${PODS_PODFILE_DIR_PATH}/Podfile.lock\" \"${PODS_ROOT}/Manifest.lock\" > /dev/null\nif [ $? != 0 ] ; then\n    # print error to STDERR\n    echo \"error: The sandbox is not in sync with the Podfile.lock. Run 'pod install' or update your CocoaPods installation.\" >&2\n    exit 1\nfi\n# This output is used by Xcode 'outputs' to avoid re-running this script phase.\necho \"SUCCESS\" > \"${SCRIPT_OUTPUT_FILE_0}\"\n";
			showEnvVarsInLog = 0;
		};
		B7101ABADB70F626E71B10AB /* [CP] Check Pods Manifest.lock */ = {
			isa = PBXShellScriptBuildPhase;
			buildActionMask = 2147483647;
			files = (
			);
			inputPaths = (
				"${PODS_PODFILE_DIR_PATH}/Podfile.lock",
				"${PODS_ROOT}/Manifest.lock",
			);
			name = "[CP] Check Pods Manifest.lock";
			outputPaths = (
				"$(DERIVED_FILE_DIR)/Pods-SwiftSourceryTemplates-checkManifestLockResult.txt",
			);
			runOnlyForDeploymentPostprocessing = 0;
			shellPath = /bin/sh;
			shellScript = "diff \"${PODS_PODFILE_DIR_PATH}/Podfile.lock\" \"${PODS_ROOT}/Manifest.lock\" > /dev/null\nif [ $? != 0 ] ; then\n    # print error to STDERR\n    echo \"error: The sandbox is not in sync with the Podfile.lock. Run 'pod install' or update your CocoaPods installation.\" >&2\n    exit 1\nfi\n# This output is used by Xcode 'outputs' to avoid re-running this script phase.\necho \"SUCCESS\" > \"${SCRIPT_OUTPUT_FILE_0}\"\n";
			showEnvVarsInLog = 0;
		};
/* End PBXShellScriptBuildPhase section */

/* Begin PBXSourcesBuildPhase section */
		1415F0FA20FF583700CBE106 /* Sources */ = {
			isa = PBXSourcesBuildPhase;
			buildActionMask = 2147483647;
			files = (
				1415F10220FF583700CBE106 /* AppDelegate.swift in Sources */,
				1415F11F20FF5AF400CBE106 /* TypeErase.generated.swift in Sources */,
			);
			runOnlyForDeploymentPostprocessing = 0;
		};
		1415F10A20FF583800CBE106 /* Sources */ = {
			isa = PBXSourcesBuildPhase;
			buildActionMask = 2147483647;
			files = (
				1415F12220FF5AFB00CBE106 /* Mocks.generated.swift in Sources */,
				1415F11320FF583800CBE106 /* SwiftSourceryTemplatesTests.swift in Sources */,
			);
			runOnlyForDeploymentPostprocessing = 0;
		};
/* End PBXSourcesBuildPhase section */

/* Begin PBXTargetDependency section */
		1415F11020FF583800CBE106 /* PBXTargetDependency */ = {
			isa = PBXTargetDependency;
			target = 1415F0FD20FF583700CBE106 /* SwiftSourceryTemplates */;
			targetProxy = 1415F10F20FF583800CBE106 /* PBXContainerItemProxy */;
		};
/* End PBXTargetDependency section */

/* Begin PBXVariantGroup section */
		1415F10520FF583800CBE106 /* MainMenu.xib */ = {
			isa = PBXVariantGroup;
			children = (
				1415F10620FF583800CBE106 /* Base */,
			);
			name = MainMenu.xib;
			sourceTree = "<group>";
		};
/* End PBXVariantGroup section */

/* Begin XCBuildConfiguration section */
		1415F11520FF583800CBE106 /* Debug */ = {
			isa = XCBuildConfiguration;
			buildSettings = {
				ALWAYS_SEARCH_USER_PATHS = NO;
				CLANG_ANALYZER_NONNULL = YES;
				CLANG_ANALYZER_NUMBER_OBJECT_CONVERSION = YES_AGGRESSIVE;
				CLANG_CXX_LANGUAGE_STANDARD = "gnu++14";
				CLANG_CXX_LIBRARY = "libc++";
				CLANG_ENABLE_MODULES = YES;
				CLANG_ENABLE_OBJC_ARC = YES;
				CLANG_ENABLE_OBJC_WEAK = YES;
				CLANG_WARN_BLOCK_CAPTURE_AUTORELEASING = YES;
				CLANG_WARN_BOOL_CONVERSION = YES;
				CLANG_WARN_COMMA = YES;
				CLANG_WARN_CONSTANT_CONVERSION = YES;
				CLANG_WARN_DEPRECATED_OBJC_IMPLEMENTATIONS = YES;
				CLANG_WARN_DIRECT_OBJC_ISA_USAGE = YES_ERROR;
				CLANG_WARN_DOCUMENTATION_COMMENTS = YES;
				CLANG_WARN_EMPTY_BODY = YES;
				CLANG_WARN_ENUM_CONVERSION = YES;
				CLANG_WARN_INFINITE_RECURSION = YES;
				CLANG_WARN_INT_CONVERSION = YES;
				CLANG_WARN_NON_LITERAL_NULL_CONVERSION = YES;
				CLANG_WARN_OBJC_IMPLICIT_RETAIN_SELF = YES;
				CLANG_WARN_OBJC_LITERAL_CONVERSION = YES;
				CLANG_WARN_OBJC_ROOT_CLASS = YES_ERROR;
				CLANG_WARN_RANGE_LOOP_ANALYSIS = YES;
				CLANG_WARN_STRICT_PROTOTYPES = YES;
				CLANG_WARN_SUSPICIOUS_MOVE = YES;
				CLANG_WARN_UNGUARDED_AVAILABILITY = YES_AGGRESSIVE;
				CLANG_WARN_UNREACHABLE_CODE = YES;
				CLANG_WARN__DUPLICATE_METHOD_MATCH = YES;
				CODE_SIGN_IDENTITY = "-";
				COPY_PHASE_STRIP = NO;
				DEBUG_INFORMATION_FORMAT = dwarf;
				ENABLE_STRICT_OBJC_MSGSEND = YES;
				ENABLE_TESTABILITY = YES;
				GCC_C_LANGUAGE_STANDARD = gnu11;
				GCC_DYNAMIC_NO_PIC = NO;
				GCC_NO_COMMON_BLOCKS = YES;
				GCC_OPTIMIZATION_LEVEL = 0;
				GCC_PREPROCESSOR_DEFINITIONS = (
					"DEBUG=1",
					"$(inherited)",
				);
				GCC_WARN_64_TO_32_BIT_CONVERSION = YES;
				GCC_WARN_ABOUT_RETURN_TYPE = YES_ERROR;
				GCC_WARN_UNDECLARED_SELECTOR = YES;
				GCC_WARN_UNINITIALIZED_AUTOS = YES_AGGRESSIVE;
				GCC_WARN_UNUSED_FUNCTION = YES;
				GCC_WARN_UNUSED_VARIABLE = YES;
				MACOSX_DEPLOYMENT_TARGET = 10.13;
				MTL_ENABLE_DEBUG_INFO = YES;
				ONLY_ACTIVE_ARCH = YES;
				SDKROOT = macosx;
				SWIFT_ACTIVE_COMPILATION_CONDITIONS = DEBUG;
				SWIFT_OPTIMIZATION_LEVEL = "-Onone";
			};
			name = Debug;
		};
		1415F11620FF583800CBE106 /* Release */ = {
			isa = XCBuildConfiguration;
			buildSettings = {
				ALWAYS_SEARCH_USER_PATHS = NO;
				CLANG_ANALYZER_NONNULL = YES;
				CLANG_ANALYZER_NUMBER_OBJECT_CONVERSION = YES_AGGRESSIVE;
				CLANG_CXX_LANGUAGE_STANDARD = "gnu++14";
				CLANG_CXX_LIBRARY = "libc++";
				CLANG_ENABLE_MODULES = YES;
				CLANG_ENABLE_OBJC_ARC = YES;
				CLANG_ENABLE_OBJC_WEAK = YES;
				CLANG_WARN_BLOCK_CAPTURE_AUTORELEASING = YES;
				CLANG_WARN_BOOL_CONVERSION = YES;
				CLANG_WARN_COMMA = YES;
				CLANG_WARN_CONSTANT_CONVERSION = YES;
				CLANG_WARN_DEPRECATED_OBJC_IMPLEMENTATIONS = YES;
				CLANG_WARN_DIRECT_OBJC_ISA_USAGE = YES_ERROR;
				CLANG_WARN_DOCUMENTATION_COMMENTS = YES;
				CLANG_WARN_EMPTY_BODY = YES;
				CLANG_WARN_ENUM_CONVERSION = YES;
				CLANG_WARN_INFINITE_RECURSION = YES;
				CLANG_WARN_INT_CONVERSION = YES;
				CLANG_WARN_NON_LITERAL_NULL_CONVERSION = YES;
				CLANG_WARN_OBJC_IMPLICIT_RETAIN_SELF = YES;
				CLANG_WARN_OBJC_LITERAL_CONVERSION = YES;
				CLANG_WARN_OBJC_ROOT_CLASS = YES_ERROR;
				CLANG_WARN_RANGE_LOOP_ANALYSIS = YES;
				CLANG_WARN_STRICT_PROTOTYPES = YES;
				CLANG_WARN_SUSPICIOUS_MOVE = YES;
				CLANG_WARN_UNGUARDED_AVAILABILITY = YES_AGGRESSIVE;
				CLANG_WARN_UNREACHABLE_CODE = YES;
				CLANG_WARN__DUPLICATE_METHOD_MATCH = YES;
				CODE_SIGN_IDENTITY = "-";
				COPY_PHASE_STRIP = NO;
				DEBUG_INFORMATION_FORMAT = "dwarf-with-dsym";
				ENABLE_NS_ASSERTIONS = NO;
				ENABLE_STRICT_OBJC_MSGSEND = YES;
				GCC_C_LANGUAGE_STANDARD = gnu11;
				GCC_NO_COMMON_BLOCKS = YES;
				GCC_WARN_64_TO_32_BIT_CONVERSION = YES;
				GCC_WARN_ABOUT_RETURN_TYPE = YES_ERROR;
				GCC_WARN_UNDECLARED_SELECTOR = YES;
				GCC_WARN_UNINITIALIZED_AUTOS = YES_AGGRESSIVE;
				GCC_WARN_UNUSED_FUNCTION = YES;
				GCC_WARN_UNUSED_VARIABLE = YES;
				MACOSX_DEPLOYMENT_TARGET = 10.13;
				MTL_ENABLE_DEBUG_INFO = NO;
				SDKROOT = macosx;
				SWIFT_COMPILATION_MODE = wholemodule;
				SWIFT_OPTIMIZATION_LEVEL = "-O";
			};
			name = Release;
		};
		1415F11820FF583800CBE106 /* Debug */ = {
			isa = XCBuildConfiguration;
			baseConfigurationReference = B01DD88ED4CE6A3558671FD7 /* Pods-SwiftSourceryTemplates.debug.xcconfig */;
			buildSettings = {
				ASSETCATALOG_COMPILER_APPICON_NAME = AppIcon;
				CODE_SIGN_ENTITLEMENTS = SwiftSourceryTemplates/SwiftSourceryTemplates.entitlements;
				CODE_SIGN_STYLE = Automatic;
				COMBINE_HIDPI_IMAGES = YES;
				INFOPLIST_FILE = SwiftSourceryTemplates/Info.plist;
				LD_RUNPATH_SEARCH_PATHS = (
					"$(inherited)",
					"@executable_path/../Frameworks",
				);
				PRODUCT_BUNDLE_IDENTIFIER = com.albumprinter.SwiftSourceryTemplates;
				PRODUCT_NAME = "$(TARGET_NAME)";
				SWIFT_VERSION = 4.0;
			};
			name = Debug;
		};
		1415F11920FF583800CBE106 /* Release */ = {
			isa = XCBuildConfiguration;
			baseConfigurationReference = 26A5D53F86280C8D6399AFAB /* Pods-SwiftSourceryTemplates.release.xcconfig */;
			buildSettings = {
				ASSETCATALOG_COMPILER_APPICON_NAME = AppIcon;
				CODE_SIGN_ENTITLEMENTS = SwiftSourceryTemplates/SwiftSourceryTemplates.entitlements;
				CODE_SIGN_STYLE = Automatic;
				COMBINE_HIDPI_IMAGES = YES;
				INFOPLIST_FILE = SwiftSourceryTemplates/Info.plist;
				LD_RUNPATH_SEARCH_PATHS = (
					"$(inherited)",
					"@executable_path/../Frameworks",
				);
				PRODUCT_BUNDLE_IDENTIFIER = com.albumprinter.SwiftSourceryTemplates;
				PRODUCT_NAME = "$(TARGET_NAME)";
				SWIFT_VERSION = 4.0;
			};
			name = Release;
		};
		1415F11B20FF583800CBE106 /* Debug */ = {
			isa = XCBuildConfiguration;
			baseConfigurationReference = 90AA27DA09BD2D0CA17E26F1 /* Pods-SwiftSourceryTemplatesTests.debug.xcconfig */;
			buildSettings = {
				BUNDLE_LOADER = "$(TEST_HOST)";
				CODE_SIGN_STYLE = Automatic;
				COMBINE_HIDPI_IMAGES = YES;
				INFOPLIST_FILE = SwiftSourceryTemplatesTests/Info.plist;
				LD_RUNPATH_SEARCH_PATHS = (
					"$(inherited)",
					"@executable_path/../Frameworks",
					"@loader_path/../Frameworks",
				);
				PRODUCT_BUNDLE_IDENTIFIER = com.albumprinter.SwiftSourceryTemplatesTests;
				PRODUCT_NAME = "$(TARGET_NAME)";
				SWIFT_VERSION = 4.0;
				TEST_HOST = "$(BUILT_PRODUCTS_DIR)/SwiftSourceryTemplates.app/Contents/MacOS/SwiftSourceryTemplates";
			};
			name = Debug;
		};
		1415F11C20FF583800CBE106 /* Release */ = {
			isa = XCBuildConfiguration;
			baseConfigurationReference = 62BCC70E6F64ED26E8F1AFAD /* Pods-SwiftSourceryTemplatesTests.release.xcconfig */;
			buildSettings = {
				BUNDLE_LOADER = "$(TEST_HOST)";
				CODE_SIGN_STYLE = Automatic;
				COMBINE_HIDPI_IMAGES = YES;
				INFOPLIST_FILE = SwiftSourceryTemplatesTests/Info.plist;
				LD_RUNPATH_SEARCH_PATHS = (
					"$(inherited)",
					"@executable_path/../Frameworks",
					"@loader_path/../Frameworks",
				);
				PRODUCT_BUNDLE_IDENTIFIER = com.albumprinter.SwiftSourceryTemplatesTests;
				PRODUCT_NAME = "$(TARGET_NAME)";
				SWIFT_VERSION = 4.0;
				TEST_HOST = "$(BUILT_PRODUCTS_DIR)/SwiftSourceryTemplates.app/Contents/MacOS/SwiftSourceryTemplates";
			};
			name = Release;
		};
/* End XCBuildConfiguration section */

/* Begin XCConfigurationList section */
		1415F0F920FF583700CBE106 /* Build configuration list for PBXProject "SwiftSourceryTemplates" */ = {
			isa = XCConfigurationList;
			buildConfigurations = (
				1415F11520FF583800CBE106 /* Debug */,
				1415F11620FF583800CBE106 /* Release */,
			);
			defaultConfigurationIsVisible = 0;
			defaultConfigurationName = Release;
		};
		1415F11720FF583800CBE106 /* Build configuration list for PBXNativeTarget "SwiftSourceryTemplates" */ = {
			isa = XCConfigurationList;
			buildConfigurations = (
				1415F11820FF583800CBE106 /* Debug */,
				1415F11920FF583800CBE106 /* Release */,
			);
			defaultConfigurationIsVisible = 0;
			defaultConfigurationName = Release;
		};
		1415F11A20FF583800CBE106 /* Build configuration list for PBXNativeTarget "SwiftSourceryTemplatesTests" */ = {
			isa = XCConfigurationList;
			buildConfigurations = (
				1415F11B20FF583800CBE106 /* Debug */,
				1415F11C20FF583800CBE106 /* Release */,
			);
			defaultConfigurationIsVisible = 0;
			defaultConfigurationName = Release;
		};
/* End XCConfigurationList section */
	};
	rootObject = 1415F0F620FF583700CBE106 /* Project object */;
}
